
Microsoft Visual Studio Solution File, Format Version 12.00
# Visual Studio Version 17
VisualStudioVersion = 17.13.35806.99
MinimumVisualStudioVersion = 10.0.40219.1
Project("{FAE04EC0-301F-11D3-BF4B-00C04F79EFBC}") = "talanlunch..API", "talanlunch\talanlunch..API.csproj", "{C878C682-DB58-173B-2356-B991B1444875}"
EndProject
Project("{FAE04EC0-301F-11D3-BF4B-00C04F79EFBC}") = "talanlunch.ServiceDefaults", "talanlunch.ServiceDefaults\talanlunch.ServiceDefaults.csproj", "{79B81650-2E3A-B2C3-0303-57D9CED6CF5E}"
EndProject
Project("{FAE04EC0-301F-11D3-BF4B-00C04F79EFBC}") = "TalanLunch.Application", "TalanLunch.Application\TalanLunch.Application.csproj", "{C203B98D-0A88-42A6-82A6-AE0264E09BFE}"
EndProject
Project("{FAE04EC0-301F-11D3-BF4B-00C04F79EFBC}") = "TalanLunch.Infrastructure", "TalanLunch.Infrastructure\TalanLunch.Infrastructure.csproj", "{96F7D5C7-AC98-4FAC-AE9D-3B02393CEE7D}"
EndProject
Project("{FAE04EC0-301F-11D3-BF4B-00C04F79EFBC}") = "TalanLunch.Domain", "TalanLunch.Domain\TalanLunch.Domain.csproj", "{E97349F4-2919-4F30-8DE1-890ED4E05EAB}"
EndProject
Global
	GlobalSection(SolutionConfigurationPlatforms) = preSolution
		Debug|Any CPU = Debug|Any CPU
		Debug|x64 = Debug|x64
		Debug|x86 = Debug|x86
		Release|Any CPU = Release|Any CPU
		Release|x64 = Release|x64
		Release|x86 = Release|x86
	EndGlobalSection
	GlobalSection(ProjectConfigurationPlatforms) = postSolution
		{C878C682-DB58-173B-2356-B991B1444875}.Debug|Any CPU.ActiveCfg = Debug|Any CPU
		{C878C682-DB58-173B-2356-B991B1444875}.Debug|Any CPU.Build.0 = Debug|Any CPU
		{C878C682-DB58-173B-2356-B991B1444875}.Debug|x64.ActiveCfg = Debug|Any CPU
		{C878C682-DB58-173B-2356-B991B1444875}.Debug|x64.Build.0 = Debug|Any CPU
		{C878C682-DB58-173B-2356-B991B1444875}.Debug|x86.ActiveCfg = Debug|Any CPU
		{C878C682-DB58-173B-2356-B991B1444875}.Debug|x86.Build.0 = Debug|Any CPU
		{C878C682-DB58-173B-2356-B991B1444875}.Release|Any CPU.ActiveCfg = Release|Any CPU
		{C878C682-DB58-173B-2356-B991B1444875}.Release|Any CPU.Build.0 = Release|Any CPU
		{C878C682-DB58-173B-2356-B991B1444875}.Release|x64.ActiveCfg = Release|Any CPU
		{C878C682-DB58-173B-2356-B991B1444875}.Release|x64.Build.0 = Release|Any CPU
		{C878C682-DB58-173B-2356-B991B1444875}.Release|x86.ActiveCfg = Release|Any CPU
		{C878C682-DB58-173B-2356-B991B1444875}.Release|x86.Build.0 = Release|Any CPU
		{79B81650-2E3A-B2C3-0303-57D9CED6CF5E}.Debug|Any CPU.ActiveCfg = Debug|Any CPU
		{79B81650-2E3A-B2C3-0303-57D9CED6CF5E}.Debug|Any CPU.Build.0 = Debug|Any CPU
		{79B81650-2E3A-B2C3-0303-57D9CED6CF5E}.Debug|x64.ActiveCfg = Debug|Any CPU
		{79B81650-2E3A-B2C3-0303-57D9CED6CF5E}.Debug|x64.Build.0 = Debug|Any CPU
		{79B81650-2E3A-B2C3-0303-57D9CED6CF5E}.Debug|x86.ActiveCfg = Debug|Any CPU
		{79B81650-2E3A-B2C3-0303-57D9CED6CF5E}.Debug|x86.Build.0 = Debug|Any CPU
		{79B81650-2E3A-B2C3-0303-57D9CED6CF5E}.Release|Any CPU.ActiveCfg = Release|Any CPU
		{79B81650-2E3A-B2C3-0303-57D9CED6CF5E}.Release|Any CPU.Build.0 = Release|Any CPU
		{79B81650-2E3A-B2C3-0303-57D9CED6CF5E}.Release|x64.ActiveCfg = Release|Any CPU
		{79B81650-2E3A-B2C3-0303-57D9CED6CF5E}.Release|x64.Build.0 = Release|Any CPU
		{79B81650-2E3A-B2C3-0303-57D9CED6CF5E}.Release|x86.ActiveCfg = Release|Any CPU
		{79B81650-2E3A-B2C3-0303-57D9CED6CF5E}.Release|x86.Build.0 = Release|Any CPU
		{C203B98D-0A88-42A6-82A6-AE0264E09BFE}.Debug|Any CPU.ActiveCfg = Debug|Any CPU
		{C203B98D-0A88-42A6-82A6-AE0264E09BFE}.Debug|Any CPU.Build.0 = Debug|Any CPU
		{C203B98D-0A88-42A6-82A6-AE0264E09BFE}.Debug|x64.ActiveCfg = Debug|Any CPU
		{C203B98D-0A88-42A6-82A6-AE0264E09BFE}.Debug|x64.Build.0 = Debug|Any CPU
		{C203B98D-0A88-42A6-82A6-AE0264E09BFE}.Debug|x86.ActiveCfg = Debug|Any CPU
		{C203B98D-0A88-42A6-82A6-AE0264E09BFE}.Debug|x86.Build.0 = Debug|Any CPU
		{C203B98D-0A88-42A6-82A6-AE0264E09BFE}.Release|Any CPU.ActiveCfg = Release|Any CPU
		{C203B98D-0A88-42A6-82A6-AE0264E09BFE}.Release|Any CPU.Build.0 = Release|Any CPU
		{C203B98D-0A88-42A6-82A6-AE0264E09BFE}.Release|x64.ActiveCfg = Release|Any CPU
		{C203B98D-0A88-42A6-82A6-AE0264E09BFE}.Release|x64.Build.0 = Release|Any CPU
		{C203B98D-0A88-42A6-82A6-AE0264E09BFE}.Release|x86.ActiveCfg = Release|Any CPU
		{C203B98D-0A88-42A6-82A6-AE0264E09BFE}.Release|x86.Build.0 = Release|Any CPU
		{96F7D5C7-AC98-4FAC-AE9D-3B02393CEE7D}.Debug|Any CPU.ActiveCfg = Debug|Any CPU
		{96F7D5C7-AC98-4FAC-AE9D-3B02393CEE7D}.Debug|Any CPU.Build.0 = Debug|Any CPU
		{96F7D5C7-AC98-4FAC-AE9D-3B02393CEE7D}.Debug|x64.ActiveCfg = Debug|Any CPU
		{96F7D5C7-AC98-4FAC-AE9D-3B02393CEE7D}.Debug|x64.Build.0 = Debug|Any CPU
		{96F7D5C7-AC98-4FAC-AE9D-3B02393CEE7D}.Debug|x86.ActiveCfg = Debug|Any CPU
		{96F7D5C7-AC98-4FAC-AE9D-3B02393CEE7D}.Debug|x86.Build.0 = Debug|Any CPU
		{96F7D5C7-AC98-4FAC-AE9D-3B02393CEE7D}.Release|Any CPU.ActiveCfg = Release|Any CPU
		{96F7D5C7-AC98-4FAC-AE9D-3B02393CEE7D}.Release|Any CPU.Build.0 = Release|Any CPU
		{96F7D5C7-AC98-4FAC-AE9D-3B02393CEE7D}.Release|x64.ActiveCfg = Release|Any CPU
		{96F7D5C7-AC98-4FAC-AE9D-3B02393CEE7D}.Release|x64.Build.0 = Release|Any CPU
		{96F7D5C7-AC98-4FAC-AE9D-3B02393CEE7D}.Release|x86.ActiveCfg = Release|Any CPU
		{96F7D5C7-AC98-4FAC-AE9D-3B02393CEE7D}.Release|x86.Build.0 = Release|Any CPU
		{E97349F4-2919-4F30-8DE1-890ED4E05EAB}.Debug|Any CPU.ActiveCfg = Debug|Any CPU
		{E97349F4-2919-4F30-8DE1-890ED4E05EAB}.Debug|Any CPU.Build.0 = Debug|Any CPU
		{E97349F4-2919-4F30-8DE1-890ED4E05EAB}.Debug|x64.ActiveCfg = Debug|Any CPU
		{E97349F4-2919-4F30-8DE1-890ED4E05EAB}.Debug|x64.Build.0 = Debug|Any CPU
		{E97349F4-2919-4F30-8DE1-890ED4E05EAB}.Debug|x86.ActiveCfg = Debug|Any CPU
		{E97349F4-2919-4F30-8DE1-890ED4E05EAB}.Debug|x86.Build.0 = Debug|Any CPU
		{E97349F4-2919-4F30-8DE1-890ED4E05EAB}.Release|Any CPU.ActiveCfg = Release|Any CPU
		{E97349F4-2919-4F30-8DE1-890ED4E05EAB}.Release|Any CPU.Build.0 = Release|Any CPU
		{E97349F4-2919-4F30-8DE1-890ED4E05EAB}.Release|x64.ActiveCfg = Release|Any CPU
		{E97349F4-2919-4F30-8DE1-890ED4E05EAB}.Release|x64.Build.0 = Release|Any CPU
		{E97349F4-2919-4F30-8DE1-890ED4E05EAB}.Release|x86.ActiveCfg = Release|Any CPU
		{E97349F4-2919-4F30-8DE1-890ED4E05EAB}.Release|x86.Build.0 = Release|Any CPU
	EndGlobalSection
	GlobalSection(SolutionProperties) = preSolution
		HideSolutionNode = FALSE
	EndGlobalSection
	GlobalSection(ExtensibilityGlobals) = postSolution
		SolutionGuid = {7B365E1D-AC54-4A09-A06D-42E90259CC26}
	EndGlobalSection
EndGlobal
