
Microsoft Visual Studio Solution File, Format Version 12.00
# Visual Studio Version 17
VisualStudioVersion = 17.13.35806.99
MinimumVisualStudioVersion = 10.0.40219.1
Project("{FAE04EC0-301F-11D3-BF4B-00C04F79EFBC}") = "talanlunch", "talanlunch\talanlunch.csproj", "{C878C682-DB58-173B-2356-B991B1444875}"
EndProject
Project("{FAE04EC0-301F-11D3-BF4B-00C04F79EFBC}") = "talanlunch.AppHost", "talanlunch.AppHost\talanlunch.AppHost.csproj", "{9F1A1130-E239-4B35-B922-BF5C93729621}"
EndProject
Project("{FAE04EC0-301F-11D3-BF4B-00C04F79EFBC}") = "talanlunch.ServiceDefaults", "talanlunch.ServiceDefaults\talanlunch.ServiceDefaults.csproj", "{79B81650-2E3A-B2C3-0303-57D9CED6CF5E}"
EndProject
Project("{FAE04EC0-301F-11D3-BF4B-00C04F79EFBC}") = "TalanLunch.Core", "TalanLunch.core\TalanLunch.Core.csproj", "{03DBA575-6F98-4BA1-9E9B-CC648F6CA2EA}"
EndProject
Project("{FAE04EC0-301F-11D3-BF4B-00C04F79EFBC}") = "TalanLunch.Application", "TalanLunch.Application\TalanLunch.Application.csproj", "{C203B98D-0A88-42A6-82A6-AE0264E09BFE}"
EndProject
Project("{FAE04EC0-301F-11D3-BF4B-00C04F79EFBC}") = "TalanLunch.Infrastructure", "TalanLunch.Infrastructure\TalanLunch.Infrastructure.csproj", "{96F7D5C7-AC98-4FAC-AE9D-3B02393CEE7D}"
EndProject
Global
	GlobalSection(SolutionConfigurationPlatforms) = preSolution
		Debug|Any CPU = Debug|Any CPU
		Release|Any CPU = Release|Any CPU
	EndGlobalSection
	GlobalSection(ProjectConfigurationPlatforms) = postSolution
		{C878C682-DB58-173B-2356-B991B1444875}.Debug|Any CPU.ActiveCfg = Debug|Any CPU
		{C878C682-DB58-173B-2356-B991B1444875}.Debug|Any CPU.Build.0 = Debug|Any CPU
		{C878C682-DB58-173B-2356-B991B1444875}.Release|Any CPU.ActiveCfg = Release|Any CPU
		{C878C682-DB58-173B-2356-B991B1444875}.Release|Any CPU.Build.0 = Release|Any CPU
		{9F1A1130-E239-4B35-B922-BF5C93729621}.Debug|Any CPU.ActiveCfg = Debug|Any CPU
		{9F1A1130-E239-4B35-B922-BF5C93729621}.Debug|Any CPU.Build.0 = Debug|Any CPU
		{9F1A1130-E239-4B35-B922-BF5C93729621}.Release|Any CPU.ActiveCfg = Release|Any CPU
		{9F1A1130-E239-4B35-B922-BF5C93729621}.Release|Any CPU.Build.0 = Release|Any CPU
		{79B81650-2E3A-B2C3-0303-57D9CED6CF5E}.Debug|Any CPU.ActiveCfg = Debug|Any CPU
		{79B81650-2E3A-B2C3-0303-57D9CED6CF5E}.Debug|Any CPU.Build.0 = Debug|Any CPU
		{79B81650-2E3A-B2C3-0303-57D9CED6CF5E}.Release|Any CPU.ActiveCfg = Release|Any CPU
		{79B81650-2E3A-B2C3-0303-57D9CED6CF5E}.Release|Any CPU.Build.0 = Release|Any CPU
		{03DBA575-6F98-4BA1-9E9B-CC648F6CA2EA}.Debug|Any CPU.ActiveCfg = Debug|Any CPU
		{03DBA575-6F98-4BA1-9E9B-CC648F6CA2EA}.Debug|Any CPU.Build.0 = Debug|Any CPU
		{03DBA575-6F98-4BA1-9E9B-CC648F6CA2EA}.Release|Any CPU.ActiveCfg = Release|Any CPU
		{03DBA575-6F98-4BA1-9E9B-CC648F6CA2EA}.Release|Any CPU.Build.0 = Release|Any CPU
		{C203B98D-0A88-42A6-82A6-AE0264E09BFE}.Debug|Any CPU.ActiveCfg = Debug|Any CPU
		{C203B98D-0A88-42A6-82A6-AE0264E09BFE}.Debug|Any CPU.Build.0 = Debug|Any CPU
		{C203B98D-0A88-42A6-82A6-AE0264E09BFE}.Release|Any CPU.ActiveCfg = Release|Any CPU
		{C203B98D-0A88-42A6-82A6-AE0264E09BFE}.Release|Any CPU.Build.0 = Release|Any CPU
		{96F7D5C7-AC98-4FAC-AE9D-3B02393CEE7D}.Debug|Any CPU.ActiveCfg = Debug|Any CPU
		{96F7D5C7-AC98-4FAC-AE9D-3B02393CEE7D}.Debug|Any CPU.Build.0 = Debug|Any CPU
		{96F7D5C7-AC98-4FAC-AE9D-3B02393CEE7D}.Release|Any CPU.ActiveCfg = Release|Any CPU
		{96F7D5C7-AC98-4FAC-AE9D-3B02393CEE7D}.Release|Any CPU.Build.0 = Release|Any CPU
	EndGlobalSection
	GlobalSection(SolutionProperties) = preSolution
		HideSolutionNode = FALSE
	EndGlobalSection
	GlobalSection(ExtensibilityGlobals) = postSolution
		SolutionGuid = {7B365E1D-AC54-4A09-A06D-42E90259CC26}
	EndGlobalSection
EndGlobal
